
Microsoft Visual Studio Solution File, Format Version 12.00
# Visual Studio Version 16
VisualStudioVersion = 16.0.30611.23
MinimumVisualStudioVersion = 10.0.40219.1
Project("{FAE04EC0-301F-11D3-BF4B-00C04F79EFBC}") = "ETTCCalendar2", "ETTCCalendar2.csproj", "{D3ACA4C3-2C8C-4C95-B486-E08EBBEB4FB7}"
EndProject
Global
	GlobalSection(SolutionConfigurationPlatforms) = preSolution
		Debug|Any CPU = Debug|Any CPU
		Release|Any CPU = Release|Any CPU
	EndGlobalSection
	GlobalSection(ProjectConfigurationPlatforms) = postSolution
		{D3ACA4C3-2C8C-4C95-B486-E08EBBEB4FB7}.Debug|Any CPU.ActiveCfg = Debug|Any CPU
		{D3ACA4C3-2C8C-4C95-B486-E08EBBEB4FB7}.Debug|Any CPU.Build.0 = Debug|Any CPU
		{D3ACA4C3-2C8C-4C95-B486-E08EBBEB4FB7}.Release|Any CPU.ActiveCfg = Release|Any CPU
		{D3ACA4C3-2C8C-4C95-B486-E08EBBEB4FB7}.Release|Any CPU.Build.0 = Release|Any CPU
	EndGlobalSection
	GlobalSection(SolutionProperties) = preSolution
		HideSolutionNode = FALSE
	EndGlobalSection
	GlobalSection(ExtensibilityGlobals) = postSolution
		SolutionGuid = {272F9F89-0976-4D30-9FCB-8908EDE0C853}
	EndGlobalSection
EndGlobal
